
Microsoft Visual Studio Solution File, Format Version 12.00
# Visual Studio Version 16
VisualStudioVersion = 16.0.32228.343
MinimumVisualStudioVersion = 10.0.40219.1
Project("{FAE04EC0-301F-11D3-BF4B-00C04F79EFBC}") = "TextReader", "TextReader\TextReader.csproj", "{FAD08719-345E-462B-A5C4-FC33765FCA18}"
EndProject
Project("{FAE04EC0-301F-11D3-BF4B-00C04F79EFBC}") = "TextReaderTests", "TextReaderTests\TextReaderTests.csproj", "{0E43FE52-B077-4F69-92A5-3AE81824AFC4}"
EndProject
Global
	GlobalSection(SolutionConfigurationPlatforms) = preSolution
		Debug|Any CPU = Debug|Any CPU
		Release|Any CPU = Release|Any CPU
	EndGlobalSection
	GlobalSection(ProjectConfigurationPlatforms) = postSolution
		{FAD08719-345E-462B-A5C4-FC33765FCA18}.Debug|Any CPU.ActiveCfg = Debug|Any CPU
		{FAD08719-345E-462B-A5C4-FC33765FCA18}.Debug|Any CPU.Build.0 = Debug|Any CPU
		{FAD08719-345E-462B-A5C4-FC33765FCA18}.Release|Any CPU.ActiveCfg = Release|Any CPU
		{FAD08719-345E-462B-A5C4-FC33765FCA18}.Release|Any CPU.Build.0 = Release|Any CPU
		{0E43FE52-B077-4F69-92A5-3AE81824AFC4}.Debug|Any CPU.ActiveCfg = Debug|Any CPU
		{0E43FE52-B077-4F69-92A5-3AE81824AFC4}.Debug|Any CPU.Build.0 = Debug|Any CPU
		{0E43FE52-B077-4F69-92A5-3AE81824AFC4}.Release|Any CPU.ActiveCfg = Release|Any CPU
		{0E43FE52-B077-4F69-92A5-3AE81824AFC4}.Release|Any CPU.Build.0 = Release|Any CPU
	EndGlobalSection
	GlobalSection(SolutionProperties) = preSolution
		HideSolutionNode = FALSE
	EndGlobalSection
	GlobalSection(ExtensibilityGlobals) = postSolution
		SolutionGuid = {D6DA7F60-7378-4126-85B5-7B2C729216C1}
	EndGlobalSection
EndGlobal
